// !$*UTF8*$!
{
	archiveVersion = 1;
	classes = {
	};
	objectVersion = 50;
	objects = {

/* Begin PBXBuildFile section */
		5818DED3210D12A000FE7ED1 /* GoogleService-Info.plist in Resources */ = {isa = PBXBuildFile; fileRef = 5818DED2210D129F00FE7ED1 /* GoogleService-Info.plist */; };
		B5EF3920210D06AD00DFD0C1 /* AppDelegate.swift in Sources */ = {isa = PBXBuildFile; fileRef = B5EF391F210D06AD00DFD0C1 /* AppDelegate.swift */; };
		B5EF3922210D06AD00DFD0C1 /* ItemRepoVC.swift in Sources */ = {isa = PBXBuildFile; fileRef = B5EF3921210D06AD00DFD0C1 /* ItemRepoVC.swift */; };
		B5EF3925210D06AD00DFD0C1 /* Main.storyboard in Resources */ = {isa = PBXBuildFile; fileRef = B5EF3923210D06AD00DFD0C1 /* Main.storyboard */; };
		B5EF3928210D06AD00DFD0C1 /* Shopp.xcdatamodeld in Sources */ = {isa = PBXBuildFile; fileRef = B5EF3926210D06AD00DFD0C1 /* Shopp.xcdatamodeld */; };
		B5EF392A210D06AE00DFD0C1 /* Assets.xcassets in Resources */ = {isa = PBXBuildFile; fileRef = B5EF3929210D06AE00DFD0C1 /* Assets.xcassets */; };
		B5EF392D210D06AE00DFD0C1 /* LaunchScreen.storyboard in Resources */ = {isa = PBXBuildFile; fileRef = B5EF392B210D06AE00DFD0C1 /* LaunchScreen.storyboard */; };
		B5EF3935210D074A00DFD0C1 /* App.storyboard in Resources */ = {isa = PBXBuildFile; fileRef = B5EF3934210D074A00DFD0C1 /* App.storyboard */; };
		F29B301C105D960C2B93BD63 /* Pods_Shopp.framework in Frameworks */ = {isa = PBXBuildFile; fileRef = BFDD07D685307A71EDD3CB80 /* Pods_Shopp.framework */; };
/* End PBXBuildFile section */

/* Begin PBXFileReference section */
		052362F5EED01A678DA90880 /* Pods-Shopp.release.xcconfig */ = {isa = PBXFileReference; includeInIndex = 1; lastKnownFileType = text.xcconfig; name = "Pods-Shopp.release.xcconfig"; path = "Pods/Target Support Files/Pods-Shopp/Pods-Shopp.release.xcconfig"; sourceTree = "<group>"; };
		5818DED2210D129F00FE7ED1 /* GoogleService-Info.plist */ = {isa = PBXFileReference; fileEncoding = 4; lastKnownFileType = text.plist.xml; path = "GoogleService-Info.plist"; sourceTree = "<group>"; };
		B4354037D66205B114FB0AFE /* Pods-Shopp.debug.xcconfig */ = {isa = PBXFileReference; includeInIndex = 1; lastKnownFileType = text.xcconfig; name = "Pods-Shopp.debug.xcconfig"; path = "Pods/Target Support Files/Pods-Shopp/Pods-Shopp.debug.xcconfig"; sourceTree = "<group>"; };
		B5EF391C210D06AD00DFD0C1 /* Shopp.app */ = {isa = PBXFileReference; explicitFileType = wrapper.application; includeInIndex = 0; path = Shopp.app; sourceTree = BUILT_PRODUCTS_DIR; };
		B5EF391F210D06AD00DFD0C1 /* AppDelegate.swift */ = {isa = PBXFileReference; lastKnownFileType = sourcecode.swift; path = AppDelegate.swift; sourceTree = "<group>"; };
		B5EF3921210D06AD00DFD0C1 /* ItemRepoVC.swift */ = {isa = PBXFileReference; lastKnownFileType = sourcecode.swift; path = ItemRepoVC.swift; sourceTree = "<group>"; };
		B5EF3924210D06AD00DFD0C1 /* Base */ = {isa = PBXFileReference; lastKnownFileType = file.storyboard; name = Base; path = Base.lproj/Main.storyboard; sourceTree = "<group>"; };
		B5EF3927210D06AD00DFD0C1 /* Shopp.xcdatamodel */ = {isa = PBXFileReference; lastKnownFileType = wrapper.xcdatamodel; path = Shopp.xcdatamodel; sourceTree = "<group>"; };
		B5EF3929210D06AE00DFD0C1 /* Assets.xcassets */ = {isa = PBXFileReference; lastKnownFileType = folder.assetcatalog; path = Assets.xcassets; sourceTree = "<group>"; };
		B5EF392C210D06AE00DFD0C1 /* Base */ = {isa = PBXFileReference; lastKnownFileType = file.storyboard; name = Base; path = Base.lproj/LaunchScreen.storyboard; sourceTree = "<group>"; };
		B5EF392E210D06AE00DFD0C1 /* Info.plist */ = {isa = PBXFileReference; lastKnownFileType = text.plist.xml; path = Info.plist; sourceTree = "<group>"; };
		B5EF3934210D074A00DFD0C1 /* App.storyboard */ = {isa = PBXFileReference; lastKnownFileType = file.storyboard; path = App.storyboard; sourceTree = "<group>"; };
		BFDD07D685307A71EDD3CB80 /* Pods_Shopp.framework */ = {isa = PBXFileReference; explicitFileType = wrapper.framework; includeInIndex = 0; path = Pods_Shopp.framework; sourceTree = BUILT_PRODUCTS_DIR; };
/* End PBXFileReference section */

/* Begin PBXFrameworksBuildPhase section */
		B5EF3919210D06AC00DFD0C1 /* Frameworks */ = {
			isa = PBXFrameworksBuildPhase;
			buildActionMask = 2147483647;
			files = (
				F29B301C105D960C2B93BD63 /* Pods_Shopp.framework in Frameworks */,
			);
			runOnlyForDeploymentPostprocessing = 0;
		};
/* End PBXFrameworksBuildPhase section */

/* Begin PBXGroup section */
		B5EF3913210D06AC00DFD0C1 = {
			isa = PBXGroup;
			children = (
				B5EF391E210D06AD00DFD0C1 /* Shopp */,
				B5EF391D210D06AD00DFD0C1 /* Products */,
				F811C2A4FE2DB24E1DE95497 /* Pods */,
				B93D73EFA6D73CB89AC85AC3 /* Frameworks */,
			);
			sourceTree = "<group>";
		};
		B5EF391D210D06AD00DFD0C1 /* Products */ = {
			isa = PBXGroup;
			children = (
				B5EF391C210D06AD00DFD0C1 /* Shopp.app */,
			);
			name = Products;
			sourceTree = "<group>";
		};
		B5EF391E210D06AD00DFD0C1 /* Shopp */ = {
			isa = PBXGroup;
			children = (
				B5EF3923210D06AD00DFD0C1 /* Main.storyboard */,
				B5EF391F210D06AD00DFD0C1 /* AppDelegate.swift */,
				B5EF392E210D06AE00DFD0C1 /* Info.plist */,
				5818DED2210D129F00FE7ED1 /* GoogleService-Info.plist */,
				B5EF3938210D07F000DFD0C1 /* App */,
				B5EF3937210D07DB00DFD0C1 /* Other */,
			);
			path = Shopp;
			sourceTree = "<group>";
		};
		B5EF3937210D07DB00DFD0C1 /* Other */ = {
			isa = PBXGroup;
			children = (
				B5EF3929210D06AE00DFD0C1 /* Assets.xcassets */,
				B5EF392B210D06AE00DFD0C1 /* LaunchScreen.storyboard */,
				B5EF3926210D06AD00DFD0C1 /* Shopp.xcdatamodeld */,
			);
			path = Other;
			sourceTree = "<group>";
		};
		B5EF3938210D07F000DFD0C1 /* App */ = {
			isa = PBXGroup;
			children = (
				B5EF3934210D074A00DFD0C1 /* App.storyboard */,
				B5EF3921210D06AD00DFD0C1 /* ItemRepoVC.swift */,
			);
			path = App;
			sourceTree = "<group>";
		};
		B93D73EFA6D73CB89AC85AC3 /* Frameworks */ = {
			isa = PBXGroup;
			children = (
				BFDD07D685307A71EDD3CB80 /* Pods_Shopp.framework */,
			);
			name = Frameworks;
			sourceTree = "<group>";
		};
		F811C2A4FE2DB24E1DE95497 /* Pods */ = {
			isa = PBXGroup;
			children = (
				B4354037D66205B114FB0AFE /* Pods-Shopp.debug.xcconfig */,
				052362F5EED01A678DA90880 /* Pods-Shopp.release.xcconfig */,
			);
			name = Pods;
			sourceTree = "<group>";
		};
/* End PBXGroup section */

/* Begin PBXNativeTarget section */
		B5EF391B210D06AC00DFD0C1 /* Shopp */ = {
			isa = PBXNativeTarget;
			buildConfigurationList = B5EF3931210D06AE00DFD0C1 /* Build configuration list for PBXNativeTarget "Shopp" */;
			buildPhases = (
				6382230D9A99FEB73DBB59CD /* [CP] Check Pods Manifest.lock */,
				B5EF3918210D06AC00DFD0C1 /* Sources */,
				B5EF3919210D06AC00DFD0C1 /* Frameworks */,
				B5EF391A210D06AC00DFD0C1 /* Resources */,
				E98535C2955515BD100E6BB7 /* [CP] Embed Pods Frameworks */,
			);
			buildRules = (
			);
			dependencies = (
			);
			name = Shopp;
			productName = Shopp;
			productReference = B5EF391C210D06AD00DFD0C1 /* Shopp.app */;
			productType = "com.apple.product-type.application";
		};
/* End PBXNativeTarget section */

/* Begin PBXProject section */
		B5EF3914210D06AC00DFD0C1 /* Project object */ = {
			isa = PBXProject;
			attributes = {
				LastSwiftUpdateCheck = 0940;
				LastUpgradeCheck = 0940;
				ORGANIZATIONNAME = rsrn;
				TargetAttributes = {
					B5EF391B210D06AC00DFD0C1 = {
						CreatedOnToolsVersion = 9.4.1;
					};
				};
			};
			buildConfigurationList = B5EF3917210D06AC00DFD0C1 /* Build configuration list for PBXProject "Shopp" */;
			compatibilityVersion = "Xcode 9.3";
			developmentRegion = en;
			hasScannedForEncodings = 0;
			knownRegions = (
				en,
				Base,
			);
			mainGroup = B5EF3913210D06AC00DFD0C1;
			productRefGroup = B5EF391D210D06AD00DFD0C1 /* Products */;
			projectDirPath = "";
			projectRoot = "";
			targets = (
				B5EF391B210D06AC00DFD0C1 /* Shopp */,
			);
		};
/* End PBXProject section */

/* Begin PBXResourcesBuildPhase section */
		B5EF391A210D06AC00DFD0C1 /* Resources */ = {
			isa = PBXResourcesBuildPhase;
			buildActionMask = 2147483647;
			files = (
				5818DED3210D12A000FE7ED1 /* GoogleService-Info.plist in Resources */,
				B5EF392D210D06AE00DFD0C1 /* LaunchScreen.storyboard in Resources */,
				B5EF392A210D06AE00DFD0C1 /* Assets.xcassets in Resources */,
				B5EF3935210D074A00DFD0C1 /* App.storyboard in Resources */,
				B5EF3925210D06AD00DFD0C1 /* Main.storyboard in Resources */,
			);
			runOnlyForDeploymentPostprocessing = 0;
		};
/* End PBXResourcesBuildPhase section */

/* Begin PBXShellScriptBuildPhase section */
		6382230D9A99FEB73DBB59CD /* [CP] Check Pods Manifest.lock */ = {
			isa = PBXShellScriptBuildPhase;
			buildActionMask = 2147483647;
			files = (
			);
			inputPaths = (
				"${PODS_PODFILE_DIR_PATH}/Podfile.lock",
				"${PODS_ROOT}/Manifest.lock",
			);
			name = "[CP] Check Pods Manifest.lock";
			outputPaths = (
				"$(DERIVED_FILE_DIR)/Pods-Shopp-checkManifestLockResult.txt",
			);
			runOnlyForDeploymentPostprocessing = 0;
			shellPath = /bin/sh;
			shellScript = "diff \"${PODS_PODFILE_DIR_PATH}/Podfile.lock\" \"${PODS_ROOT}/Manifest.lock\" > /dev/null\nif [ $? != 0 ] ; then\n    # print error to STDERR\n    echo \"error: The sandbox is not in sync with the Podfile.lock. Run 'pod install' or update your CocoaPods installation.\" >&2\n    exit 1\nfi\n# This output is used by Xcode 'outputs' to avoid re-running this script phase.\necho \"SUCCESS\" > \"${SCRIPT_OUTPUT_FILE_0}\"\n";
			showEnvVarsInLog = 0;
		};
		E98535C2955515BD100E6BB7 /* [CP] Embed Pods Frameworks */ = {
			isa = PBXShellScriptBuildPhase;
			buildActionMask = 2147483647;
			files = (
			);
			inputPaths = (
				"${SRCROOT}/Pods/Target Support Files/Pods-Shopp/Pods-Shopp-frameworks.sh",
				"${BUILT_PRODUCTS_DIR}/BoringSSL/openssl.framework",
				"${BUILT_PRODUCTS_DIR}/ESPullToRefresh/ESPullToRefresh.framework",
				"${BUILT_PRODUCTS_DIR}/GTMSessionFetcher/GTMSessionFetcher.framework",
				"${BUILT_PRODUCTS_DIR}/GoogleToolboxForMac/GoogleToolboxForMac.framework",
				"${BUILT_PRODUCTS_DIR}/MYTableViewIndex/MYTableViewIndex.framework",
				"${BUILT_PRODUCTS_DIR}/Protobuf/Protobuf.framework",
				"${BUILT_PRODUCTS_DIR}/SVProgressHUD/SVProgressHUD.framework",
				"${BUILT_PRODUCTS_DIR}/gRPC/GRPCClient.framework",
				"${BUILT_PRODUCTS_DIR}/gRPC-Core/grpc.framework",
				"${BUILT_PRODUCTS_DIR}/gRPC-ProtoRPC/ProtoRPC.framework",
				"${BUILT_PRODUCTS_DIR}/gRPC-RxLibrary/RxLibrary.framework",
				"${BUILT_PRODUCTS_DIR}/leveldb-library/leveldb.framework",
				"${BUILT_PRODUCTS_DIR}/nanopb/nanopb.framework",
			);
			name = "[CP] Embed Pods Frameworks";
			outputPaths = (
				"${TARGET_BUILD_DIR}/${FRAMEWORKS_FOLDER_PATH}/openssl.framework",
				"${TARGET_BUILD_DIR}/${FRAMEWORKS_FOLDER_PATH}/ESPullToRefresh.framework",
				"${TARGET_BUILD_DIR}/${FRAMEWORKS_FOLDER_PATH}/GTMSessionFetcher.framework",
				"${TARGET_BUILD_DIR}/${FRAMEWORKS_FOLDER_PATH}/GoogleToolboxForMac.framework",
				"${TARGET_BUILD_DIR}/${FRAMEWORKS_FOLDER_PATH}/MYTableViewIndex.framework",
				"${TARGET_BUILD_DIR}/${FRAMEWORKS_FOLDER_PATH}/Protobuf.framework",
				"${TARGET_BUILD_DIR}/${FRAMEWORKS_FOLDER_PATH}/SVProgressHUD.framework",
				"${TARGET_BUILD_DIR}/${FRAMEWORKS_FOLDER_PATH}/GRPCClient.framework",
				"${TARGET_BUILD_DIR}/${FRAMEWORKS_FOLDER_PATH}/grpc.framework",
				"${TARGET_BUILD_DIR}/${FRAMEWORKS_FOLDER_PATH}/ProtoRPC.framework",
				"${TARGET_BUILD_DIR}/${FRAMEWORKS_FOLDER_PATH}/RxLibrary.framework",
				"${TARGET_BUILD_DIR}/${FRAMEWORKS_FOLDER_PATH}/leveldb.framework",
				"${TARGET_BUILD_DIR}/${FRAMEWORKS_FOLDER_PATH}/nanopb.framework",
			);
			runOnlyForDeploymentPostprocessing = 0;
			shellPath = /bin/sh;
			shellScript = "\"${SRCROOT}/Pods/Target Support Files/Pods-Shopp/Pods-Shopp-frameworks.sh\"\n";
			showEnvVarsInLog = 0;
		};
/* End PBXShellScriptBuildPhase section */

/* Begin PBXSourcesBuildPhase section */
		B5EF3918210D06AC00DFD0C1 /* Sources */ = {
			isa = PBXSourcesBuildPhase;
			buildActionMask = 2147483647;
			files = (
				B5EF3922210D06AD00DFD0C1 /* ItemRepoVC.swift in Sources */,
				B5EF3920210D06AD00DFD0C1 /* AppDelegate.swift in Sources */,
				B5EF3928210D06AD00DFD0C1 /* Shopp.xcdatamodeld in Sources */,
			);
			runOnlyForDeploymentPostprocessing = 0;
		};
/* End PBXSourcesBuildPhase section */

/* Begin PBXVariantGroup section */
		B5EF3923210D06AD00DFD0C1 /* Main.storyboard */ = {
			isa = PBXVariantGroup;
			children = (
				B5EF3924210D06AD00DFD0C1 /* Base */,
			);
			name = Main.storyboard;
			sourceTree = "<group>";
		};
		B5EF392B210D06AE00DFD0C1 /* LaunchScreen.storyboard */ = {
			isa = PBXVariantGroup;
			children = (
				B5EF392C210D06AE00DFD0C1 /* Base */,
			);
			name = LaunchScreen.storyboard;
			sourceTree = "<group>";
		};
/* End PBXVariantGroup section */

/* Begin XCBuildConfiguration section */
		B5EF392F210D06AE00DFD0C1 /* Debug */ = {
			isa = XCBuildConfiguration;
			buildSettings = {
				ALWAYS_SEARCH_USER_PATHS = NO;
				CLANG_ANALYZER_NONNULL = YES;
				CLANG_ANALYZER_NUMBER_OBJECT_CONVERSION = YES_AGGRESSIVE;
				CLANG_CXX_LANGUAGE_STANDARD = "gnu++14";
				CLANG_CXX_LIBRARY = "libc++";
				CLANG_ENABLE_MODULES = YES;
				CLANG_ENABLE_OBJC_ARC = YES;
				CLANG_ENABLE_OBJC_WEAK = YES;
				CLANG_WARN_BLOCK_CAPTURE_AUTORELEASING = YES;
				CLANG_WARN_BOOL_CONVERSION = YES;
				CLANG_WARN_COMMA = YES;
				CLANG_WARN_CONSTANT_CONVERSION = YES;
				CLANG_WARN_DEPRECATED_OBJC_IMPLEMENTATIONS = YES;
				CLANG_WARN_DIRECT_OBJC_ISA_USAGE = YES_ERROR;
				CLANG_WARN_DOCUMENTATION_COMMENTS = YES;
				CLANG_WARN_EMPTY_BODY = YES;
				CLANG_WARN_ENUM_CONVERSION = YES;
				CLANG_WARN_INFINITE_RECURSION = YES;
				CLANG_WARN_INT_CONVERSION = YES;
				CLANG_WARN_NON_LITERAL_NULL_CONVERSION = YES;
				CLANG_WARN_OBJC_IMPLICIT_RETAIN_SELF = YES;
				CLANG_WARN_OBJC_LITERAL_CONVERSION = YES;
				CLANG_WARN_OBJC_ROOT_CLASS = YES_ERROR;
				CLANG_WARN_RANGE_LOOP_ANALYSIS = YES;
				CLANG_WARN_STRICT_PROTOTYPES = YES;
				CLANG_WARN_SUSPICIOUS_MOVE = YES;
				CLANG_WARN_UNGUARDED_AVAILABILITY = YES_AGGRESSIVE;
				CLANG_WARN_UNREACHABLE_CODE = YES;
				CLANG_WARN__DUPLICATE_METHOD_MATCH = YES;
				CODE_SIGN_IDENTITY = "iPhone Developer";
				COPY_PHASE_STRIP = NO;
				DEBUG_INFORMATION_FORMAT = dwarf;
				ENABLE_STRICT_OBJC_MSGSEND = YES;
				ENABLE_TESTABILITY = YES;
				GCC_C_LANGUAGE_STANDARD = gnu11;
				GCC_DYNAMIC_NO_PIC = NO;
				GCC_NO_COMMON_BLOCKS = YES;
				GCC_OPTIMIZATION_LEVEL = 0;
				GCC_PREPROCESSOR_DEFINITIONS = (
					"DEBUG=1",
					"$(inherited)",
				);
				GCC_WARN_64_TO_32_BIT_CONVERSION = YES;
				GCC_WARN_ABOUT_RETURN_TYPE = YES_ERROR;
				GCC_WARN_UNDECLARED_SELECTOR = YES;
				GCC_WARN_UNINITIALIZED_AUTOS = YES_AGGRESSIVE;
				GCC_WARN_UNUSED_FUNCTION = YES;
				GCC_WARN_UNUSED_VARIABLE = YES;
				IPHONEOS_DEPLOYMENT_TARGET = 11.4;
				MTL_ENABLE_DEBUG_INFO = YES;
				ONLY_ACTIVE_ARCH = YES;
				SDKROOT = iphoneos;
				SWIFT_ACTIVE_COMPILATION_CONDITIONS = DEBUG;
				SWIFT_OPTIMIZATION_LEVEL = "-Onone";
			};
			name = Debug;
		};
		B5EF3930210D06AE00DFD0C1 /* Release */ = {
			isa = XCBuildConfiguration;
			buildSettings = {
				ALWAYS_SEARCH_USER_PATHS = NO;
				CLANG_ANALYZER_NONNULL = YES;
				CLANG_ANALYZER_NUMBER_OBJECT_CONVERSION = YES_AGGRESSIVE;
				CLANG_CXX_LANGUAGE_STANDARD = "gnu++14";
				CLANG_CXX_LIBRARY = "libc++";
				CLANG_ENABLE_MODULES = YES;
				CLANG_ENABLE_OBJC_ARC = YES;
				CLANG_ENABLE_OBJC_WEAK = YES;
				CLANG_WARN_BLOCK_CAPTURE_AUTORELEASING = YES;
				CLANG_WARN_BOOL_CONVERSION = YES;
				CLANG_WARN_COMMA = YES;
				CLANG_WARN_CONSTANT_CONVERSION = YES;
				CLANG_WARN_DEPRECATED_OBJC_IMPLEMENTATIONS = YES;
				CLANG_WARN_DIRECT_OBJC_ISA_USAGE = YES_ERROR;
				CLANG_WARN_DOCUMENTATION_COMMENTS = YES;
				CLANG_WARN_EMPTY_BODY = YES;
				CLANG_WARN_ENUM_CONVERSION = YES;
				CLANG_WARN_INFINITE_RECURSION = YES;
				CLANG_WARN_INT_CONVERSION = YES;
				CLANG_WARN_NON_LITERAL_NULL_CONVERSION = YES;
				CLANG_WARN_OBJC_IMPLICIT_RETAIN_SELF = YES;
				CLANG_WARN_OBJC_LITERAL_CONVERSION = YES;
				CLANG_WARN_OBJC_ROOT_CLASS = YES_ERROR;
				CLANG_WARN_RANGE_LOOP_ANALYSIS = YES;
				CLANG_WARN_STRICT_PROTOTYPES = YES;
				CLANG_WARN_SUSPICIOUS_MOVE = YES;
				CLANG_WARN_UNGUARDED_AVAILABILITY = YES_AGGRESSIVE;
				CLANG_WARN_UNREACHABLE_CODE = YES;
				CLANG_WARN__DUPLICATE_METHOD_MATCH = YES;
				CODE_SIGN_IDENTITY = "iPhone Developer";
				COPY_PHASE_STRIP = NO;
				DEBUG_INFORMATION_FORMAT = "dwarf-with-dsym";
				ENABLE_NS_ASSERTIONS = NO;
				ENABLE_STRICT_OBJC_MSGSEND = YES;
				GCC_C_LANGUAGE_STANDARD = gnu11;
				GCC_NO_COMMON_BLOCKS = YES;
				GCC_WARN_64_TO_32_BIT_CONVERSION = YES;
				GCC_WARN_ABOUT_RETURN_TYPE = YES_ERROR;
				GCC_WARN_UNDECLARED_SELECTOR = YES;
				GCC_WARN_UNINITIALIZED_AUTOS = YES_AGGRESSIVE;
				GCC_WARN_UNUSED_FUNCTION = YES;
				GCC_WARN_UNUSED_VARIABLE = YES;
				IPHONEOS_DEPLOYMENT_TARGET = 11.4;
				MTL_ENABLE_DEBUG_INFO = NO;
				SDKROOT = iphoneos;
				SWIFT_COMPILATION_MODE = wholemodule;
				SWIFT_OPTIMIZATION_LEVEL = "-O";
				VALIDATE_PRODUCT = YES;
			};
			name = Release;
		};
		B5EF3932210D06AE00DFD0C1 /* Debug */ = {
			isa = XCBuildConfiguration;
			baseConfigurationReference = B4354037D66205B114FB0AFE /* Pods-Shopp.debug.xcconfig */;
			buildSettings = {
				ASSETCATALOG_COMPILER_APPICON_NAME = AppIcon;
				CODE_SIGN_STYLE = Automatic;
				DEVELOPMENT_TEAM = Z52CK3HLVV;
				INFOPLIST_FILE = Shopp/Info.plist;
				LD_RUNPATH_SEARCH_PATHS = (
					"$(inherited)",
					"@executable_path/Frameworks",
				);
				PRODUCT_BUNDLE_IDENTIFIER = com.rsrn.Shopp;
				PRODUCT_NAME = "$(TARGET_NAME)";
				SWIFT_VERSION = 4.0;
				TARGETED_DEVICE_FAMILY = 1;
			};
			name = Debug;
		};
		B5EF3933210D06AE00DFD0C1 /* Release */ = {
			isa = XCBuildConfiguration;
			baseConfigurationReference = 052362F5EED01A678DA90880 /* Pods-Shopp.release.xcconfig */;
			buildSettings = {
				ASSETCATALOG_COMPILER_APPICON_NAME = AppIcon;
				CODE_SIGN_STYLE = Automatic;
				DEVELOPMENT_TEAM = Z52CK3HLVV;
				INFOPLIST_FILE = Shopp/Info.plist;
				LD_RUNPATH_SEARCH_PATHS = (
					"$(inherited)",
					"@executable_path/Frameworks",
				);
				PRODUCT_BUNDLE_IDENTIFIER = com.rsrn.Shopp;
				PRODUCT_NAME = "$(TARGET_NAME)";
				SWIFT_VERSION = 4.0;
				TARGETED_DEVICE_FAMILY = 1;
			};
			name = Release;
		};
/* End XCBuildConfiguration section */

/* Begin XCConfigurationList section */
		B5EF3917210D06AC00DFD0C1 /* Build configuration list for PBXProject "Shopp" */ = {
			isa = XCConfigurationList;
			buildConfigurations = (
				B5EF392F210D06AE00DFD0C1 /* Debug */,
				B5EF3930210D06AE00DFD0C1 /* Release */,
			);
			defaultConfigurationIsVisible = 0;
			defaultConfigurationName = Release;
		};
		B5EF3931210D06AE00DFD0C1 /* Build configuration list for PBXNativeTarget "Shopp" */ = {
			isa = XCConfigurationList;
			buildConfigurations = (
				B5EF3932210D06AE00DFD0C1 /* Debug */,
				B5EF3933210D06AE00DFD0C1 /* Release */,
			);
			defaultConfigurationIsVisible = 0;
			defaultConfigurationName = Release;
		};
/* End XCConfigurationList section */

/* Begin XCVersionGroup section */
		B5EF3926210D06AD00DFD0C1 /* Shopp.xcdatamodeld */ = {
			isa = XCVersionGroup;
			children = (
				B5EF3927210D06AD00DFD0C1 /* Shopp.xcdatamodel */,
			);
			currentVersion = B5EF3927210D06AD00DFD0C1 /* Shopp.xcdatamodel */;
			path = Shopp.xcdatamodeld;
			sourceTree = "<group>";
			versionGroupType = wrapper.xcdatamodel;
		};
/* End XCVersionGroup section */
	};
	rootObject = B5EF3914210D06AC00DFD0C1 /* Project object */;
}
